{
  "name": "trader.ts",
  "version": "1.1.19",
  "lockfileVersion": 1,
  "requires": true,
  "dependencies": {
    "@js-joda/core": {
      "version": "5.3.1",
      "resolved": "https://registry.npmjs.org/@js-joda/core/-/core-5.3.1.tgz",
      "integrity": "sha512-iHHyIRLEfXLqBN+BkyH8u8imMYr4ihRbFDEk8toqTwUECETVQFCTh2U59Sw2oMoRVaS3XRIb7pyCulltq2jFVA=="
    },
    "@types/cookie": {
      "version": "0.4.1",
      "resolved": "https://registry.npmjs.org/@types/cookie/-/cookie-0.4.1.tgz",
      "integrity": "sha512-XW/Aa8APYr6jSVVA1y/DEIZX0/GMKLEVekNG727R8cs56ahETkRAy/3DR7+fJyh7oUgGwNQaRfXCun0+KbWY7Q==",
      "dev": true
    },
    "@types/lodash": {
      "version": "4.14.182",
      "resolved": "https://registry.npmjs.org/@types/lodash/-/lodash-4.14.182.tgz",
      "integrity": "sha512-/THyiqyQAP9AfARo4pF+aCGcyiQ94tX/Is2I7HofNRqoYLgN1PBoOWu2/zTA5zMxzP5EFutMtWtGAFRKUe961Q==",
      "dev": true
    },
    "@types/lodash-es": {
      "version": "4.17.6",
      "resolved": "https://registry.npmjs.org/@types/lodash-es/-/lodash-es-4.17.6.tgz",
      "integrity": "sha512-R+zTeVUKDdfoRxpAryaQNRKk3105Rrgx2CFRClIgRGaqDTdjsm8h6IYA8ir584W3ePzkZfst5xIgDwYrlh9HLg==",
      "dev": true,
      "requires": {
        "@types/lodash": "*"
      }
    },
    "@types/node": {
      "version": "14.18.22",
      "resolved": "https://registry.npmjs.org/@types/node/-/node-14.18.22.tgz",
      "integrity": "sha512-qzaYbXVzin6EPjghf/hTdIbnVW1ErMx8rPzwRNJhlbyJhu2SyqlvjGOY/tbUt6VFyzg56lROcOeSQRInpt63Yw==",
      "dev": true
    },
    "abort-controller": {
      "version": "3.0.0",
      "resolved": "https://registry.npmjs.org/abort-controller/-/abort-controller-3.0.0.tgz",
      "integrity": "sha512-h8lQ8tacZYnR3vNQTgibj+tODHI5/+l06Au2Pcriv/Gmet0eaj4TwWH41sO9wnHDiQsEj19q0drzdWdeAHtweg==",
      "requires": {
        "event-target-shim": "^5.0.0"
      }
    },
    "class-list": {
      "version": "0.1.1",
      "resolved": "https://registry.npmjs.org/class-list/-/class-list-0.1.1.tgz",
      "integrity": "sha512-zqR0uW+VsLtyQhixBhkdQ+z6B8+Y8HTh28kdSVjJ4zTTKM7Xz2asAQSya9VI6m/34F6N6Ktm0mrchKB+E5a8Xw==",
      "requires": {
        "indexof": "0.0.1"
      }
    },
    "cookie": {
      "version": "0.4.2",
      "resolved": "https://registry.npmjs.org/cookie/-/cookie-0.4.2.tgz",
      "integrity": "sha512-aSWTXFzaKWkvHO1Ny/s+ePFpvKsPnjc551iI41v3ny/ow6tBG5Vd+FuqGNhh1LxOmVzOlGUriIlOaokOvhaStA=="
    },
    "event-target-shim": {
      "version": "5.0.1",
      "resolved": "https://registry.npmjs.org/event-target-shim/-/event-target-shim-5.0.1.tgz",
      "integrity": "sha512-i/2XbnSz/uxRCU6+NdVJgKWDTM427+MqYbkQzD321DuCQJUqOuJKIA0IM2+W2xtYHdKOmZ4dR6fExsd4SXL+WQ=="
    },
    "html-element": {
      "version": "2.3.1",
      "resolved": "https://registry.npmjs.org/html-element/-/html-element-2.3.1.tgz",
      "integrity": "sha512-xnFt2ZkbFcjc+JoAtg3Hl89VeEZDjododu4VCPkRvFmBTHHA9U1Nt6hLUWfW2O+6Sl/rT1hHK/PivleX3PdBJQ==",
      "requires": {
        "class-list": "~0.1.1"
      }
    },
    "indexof": {
      "version": "0.0.1",
      "resolved": "https://registry.npmjs.org/indexof/-/indexof-0.0.1.tgz",
      "integrity": "sha512-i0G7hLJ1z0DE8dsqJa2rycj9dBmNKgXBvotXtZYXakU9oivfB9Uj2ZBC27qqef2U58/ZLwalxa1X/RDCdkHtVg=="
    },
    "lodash-es": {
      "version": "4.17.21",
      "resolved": "https://registry.npmjs.org/lodash-es/-/lodash-es-4.17.21.tgz",
      "integrity": "sha512-mKnC+QJ9pWVzv+C4/U3rRsHapFfHvQFoFB92e52xeyGMcX6/OlIl78je1u8vePzYZSkkogMPJ2yjxxsb89cxyw=="
    },
    "openapi-types": {
      "version": "7.2.3",
      "resolved": "https://registry.npmjs.org/openapi-types/-/openapi-types-7.2.3.tgz",
      "integrity": "sha512-olbaNxz12R27+mTyJ/ZAFEfUruauHH27AkeQHDHRq5AF0LdNkK1SSV7EourXQDK+4aX7dv2HtyirAGK06WMAsA=="
    },
    "postgres": {
      "version": "2.0.0-beta.11",
      "resolved": "https://registry.npmjs.org/postgres/-/postgres-2.0.0-beta.11.tgz",
      "integrity": "sha512-eJOrEIM2RtgrCcAjXhDN7S32SpHrPrXv/B9+gBX6bJFPZwSxBTszDj/Ot4BaEQJUVhf15fVrxIEFR4s0W0vlRA=="
    },
    "prettier": {
      "version": "2.2.1",
      "resolved": "https://registry.npmjs.org/prettier/-/prettier-2.2.1.tgz",
      "integrity": "sha512-PqyhM2yCjg/oKkFPtTGUojv7gnZAoG80ttl45O6x2Ug/rMJw4wcc9k6aaf2hibP7BGVCCM33gZoGjyvt9mm16Q==",
      "dev": true
    },
    "purify-ts": {
      "version": "0.16.3",
      "resolved": "https://registry.npmjs.org/purify-ts/-/purify-ts-0.16.3.tgz",
      "integrity": "sha512-ZEmLC0myQiV672QM5ZD//KyoCDXQltBvdR9q12NUk5d1tS1d7paut0U8/13Xl4dJ/pA1JYJg6gHhoiaqy2O1bg==",
      "requires": {
        "@types/json-schema": "7.0.7"
      },
      "dependencies": {
        "@types/json-schema": {
          "version": "7.0.7",
          "resolved": "https://registry.npmjs.org/@types/json-schema/-/json-schema-7.0.7.tgz",
          "integrity": "sha512-cxWFQVseBm6O9Gbw1IWb8r6OS4OhSt3hPZLkFApLjM8TEXROBuQGLAH2i2gZpcXdLBIrpXuTDhH7Vbm1iXmNGA=="
        }
      }
    },
    "trader-hyperscript": {
      "version": "2.0.3",
      "resolved": "https://registry.npmjs.org/trader-hyperscript/-/trader-hyperscript-2.0.3.tgz",
      "integrity": "sha512-OmkiYg8sv9WU8FvmQNzxZLWguFEIwiC3o9hliJBXIe7CBCD0x+l6D19dRPvjYPb1bdWNKUT7PIs1/zn7hqGL/Q==",
      "requires": {
        "html-element": "^2.0.0"
      }
    },
    "typescript": {
      "version": "4.6.4",
      "resolved": "https://registry.npmjs.org/typescript/-/typescript-4.6.4.tgz",
      "integrity": "sha512-9ia/jWHIEbo49HfjrLGfKbZSuWo9iTMwXO+Ca3pRsSpbsMbc7/IU8NKdCZVRRBafVPGnoJeFL76ZOAA84I9fEg==",
      "dev": true
    }
  }
}
